<?xml version="1.0" encoding="utf-8"?>
<Project ToolsVersion="4.0" xmlns="http://schemas.microsoft.com/developer/msbuild/2003">
  <ItemGroup>
    <Filter Include="Source Files">
      <UniqueIdentifier>{4FC737F1-C7A5-4376-A066-2A32D752A2FF}</UniqueIdentifier>
      <Extensions>cpp;c;cc;cxx;def;odl;idl;hpj;bat;asm;asmx</Extensions>
    </Filter>
    <Filter Include="Header Files">
      <UniqueIdentifier>{93995380-89BD-4b04-88EB-625FBE52EBFB}</UniqueIdentifier>
      <Extensions>h;hpp;hxx;hm;inl;inc;xsd</Extensions>
    </Filter>
    <Filter Include="Resource Files">
      <UniqueIdentifier>{67DA6AB6-F800-4c08-8B7A-83BB121AAD01}</UniqueIdentifier>
      <Extensions>rc;ico;cur;bmp;dlg;rc2;rct;bin;rgs;gif;jpg;jpeg;jpe;resx;tiff;tif;png;wav;mfcribbon-ms</Extensions>
    </Filter>
  </ItemGroup>
  <ItemGroup>
    <ClCompile Include="src\Engine.cc">
      <Filter>Source Files</Filter>
    </ClCompile>
    <ClCompile Include="src\Message_Wrapper.cc">
      <Filter>Source Files</Filter>
    </ClCompile>
    <ClCompile Include="src\Component_Composite.cc">
      <Filter>Source Files</Filter>
    </ClCompile>
    <ClCompile Include="src\Component.cc">
      <Filter>Source Files</Filter>
    </ClCompile>
    <ClCompile Include="src\Component_ID.cc">
      <Filter>Source Files</Filter>
    </ClCompile>
    <ClCompile Include="src\Controller.cc">
      <Filter>Source Files</Filter>
    </ClCompile>
    <ClCompile Include="src\Controller_Composite.cc">
      <Filter>Source Files</Filter>
    </ClCompile>
    <ClCompile Include="src\View.cc">
      <Filter>Source Files</Filter>
    </ClCompile>
    <ClCompile Include="src\Tunnelour_Launcher.cc">
      <Filter>Source Files</Filter>
    </ClCompile>
    <ClCompile Include="src\View_Composite.cc">
      <Filter>Source Files</Filter>
    </ClCompile>
  </ItemGroup>
  <ItemGroup>
    <ClInclude Include="include\Engine.h">
      <Filter>Header Files</Filter>
    </ClInclude>
    <ClInclude Include="include\Message_Wrapper.h">
      <Filter>Header Files</Filter>
    </ClInclude>
    <ClInclude Include="include\Component_Composite.h">
      <Filter>Header Files</Filter>
    </ClInclude>
    <ClInclude Include="include\Component.h">
      <Filter>Header Files</Filter>
    </ClInclude>
    <ClInclude Include="include\Component_ID.h">
      <Filter>Header Files</Filter>
    </ClInclude>
    <ClInclude Include="include\Controller.h">
      <Filter>Header Files</Filter>
    </ClInclude>
    <ClInclude Include="include\Controller_Composite.h">
      <Filter>Header Files</Filter>
    </ClInclude>
    <ClInclude Include="include\View.h">
      <Filter>Header Files</Filter>
    </ClInclude>
    <ClInclude Include="include\Tunnelour_Launcher.h">
      <Filter>Header Files</Filter>
    </ClInclude>
    <ClInclude Include="include\Exceptions.h">
      <Filter>Header Files</Filter>
    </ClInclude>
    <ClInclude Include="include\View_Composite.h">
      <Filter>Header Files</Filter>
    </ClInclude>
  </ItemGroup>
</Project>