<?xml version="1.0" encoding="utf-8"?>
<Project ToolsVersion="4.0" xmlns="http://schemas.microsoft.com/developer/msbuild/2003">
  <ItemGroup>
    <Filter Include="Source Files">
      <UniqueIdentifier>{4FC737F1-C7A5-4376-A066-2A32D752A2FF}</UniqueIdentifier>
      <Extensions>cpp;c;cc;cxx;def;odl;idl;hpj;bat;asm;asmx</Extensions>
    </Filter>
    <Filter Include="Resource Files">
      <UniqueIdentifier>{67DA6AB6-F800-4c08-8B7A-83BB121AAD01}</UniqueIdentifier>
      <Extensions>rc;ico;cur;bmp;dlg;rc2;rct;bin;rgs;gif;jpg;jpeg;jpe;resx;tiff;tif;png;wav;mfcribbon-ms</Extensions>
    </Filter>
    <Filter Include="Source Files\Components">
      <UniqueIdentifier>{8ceb3084-34eb-4d48-a505-cd767097a0c3}</UniqueIdentifier>
    </Filter>
    <Filter Include="Source Files\Controllers">
      <UniqueIdentifier>{5ce0711a-7eef-4db8-ae20-9ec55a5f070b}</UniqueIdentifier>
    </Filter>
    <Filter Include="Source Files\View">
      <UniqueIdentifier>{3f36680a-8dc6-4b97-aff8-03c4481921ff}</UniqueIdentifier>
    </Filter>
    <Filter Include="Resource Files\PixelShaders">
      <UniqueIdentifier>{35fdc959-01d7-48af-b5c1-e8b5269e1ea0}</UniqueIdentifier>
    </Filter>
    <Filter Include="Resource Files\VertexShaders">
      <UniqueIdentifier>{2008bd0a-5b1f-4b1a-9756-315112c1f765}</UniqueIdentifier>
    </Filter>
    <Filter Include="Include Files">
      <UniqueIdentifier>{93995380-89BD-4b04-88EB-625FBE52EBFB}</UniqueIdentifier>
      <Extensions>h;hpp;hxx;hm;inl;inc;xsd</Extensions>
    </Filter>
    <Filter Include="Include Files\Components">
      <UniqueIdentifier>{359cadd9-3a1a-4184-a1bd-035794a4d0b2}</UniqueIdentifier>
    </Filter>
    <Filter Include="Include Files\Controllers">
      <UniqueIdentifier>{17fb5bc3-2396-4232-a349-e3fc0c5951ed}</UniqueIdentifier>
    </Filter>
    <Filter Include="Include Files\View">
      <UniqueIdentifier>{29166d8a-f90c-49ba-8c59-696090c8d57e}</UniqueIdentifier>
    </Filter>
  </ItemGroup>
  <ItemGroup>
    <ClCompile Include="src\Engine.cc">
      <Filter>Source Files</Filter>
    </ClCompile>
    <ClCompile Include="src\Message_Wrapper.cc">
      <Filter>Source Files</Filter>
    </ClCompile>
    <ClCompile Include="src\Component_Composite.cc">
      <Filter>Source Files</Filter>
    </ClCompile>
    <ClCompile Include="src\Component.cc">
      <Filter>Source Files</Filter>
    </ClCompile>
    <ClCompile Include="src\Component_ID.cc">
      <Filter>Source Files</Filter>
    </ClCompile>
    <ClCompile Include="src\Controller.cc">
      <Filter>Source Files</Filter>
    </ClCompile>
    <ClCompile Include="src\Controller_Composite.cc">
      <Filter>Source Files</Filter>
    </ClCompile>
    <ClCompile Include="src\View.cc">
      <Filter>Source Files</Filter>
    </ClCompile>
    <ClCompile Include="src\Tunnelour_Launcher.cc">
      <Filter>Source Files</Filter>
    </ClCompile>
    <ClCompile Include="src\View_Composite.cc">
      <Filter>Source Files</Filter>
    </ClCompile>
    <ClCompile Include="src\Tunnelour_View.cc">
      <Filter>Source Files</Filter>
    </ClCompile>
    <ClCompile Include="src\Tunnelour_Controller.cc">
      <Filter>Source Files</Filter>
    </ClCompile>
    <ClCompile Include="src\Camera_Component.cc">
      <Filter>Source Files</Filter>
    </ClCompile>
    <ClCompile Include="src\Direct3D11_View_Mutator.cc">
      <Filter>Source Files</Filter>
    </ClCompile>
    <ClCompile Include="src\Direct3D11_View_TextureShader.cpp">
      <Filter>Source Files</Filter>
    </ClCompile>
    <ClCompile Include="src\Bitmap_Component.cc">
      <Filter>Source Files</Filter>
    </ClCompile>
    <ClCompile Include="src\Frame_Component.cc">
      <Filter>Source Files</Filter>
    </ClCompile>
    <ClCompile Include="src\Text_Component.cc">
      <Filter>Source Files</Filter>
    </ClCompile>
    <ClCompile Include="src\Direct3D11_View_FontShader.cpp">
      <Filter>Source Files</Filter>
    </ClCompile>
    <ClCompile Include="src\Direct3D11_View.cc">
      <Filter>Source Files\View</Filter>
    </ClCompile>
    <ClCompile Include="src\Init_Controller.cc">
      <Filter>Source Files\Controllers</Filter>
    </ClCompile>
    <ClCompile Include="src\Debug_Bitmap.cc">
      <Filter>Source Files\Components</Filter>
    </ClCompile>
    <ClCompile Include="src\Debug_Text.cc">
      <Filter>Source Files\Components</Filter>
    </ClCompile>
    <ClCompile Include="src\SeaFloorSquare.cc">
      <Filter>Source Files\Components</Filter>
    </ClCompile>
    <ClCompile Include="src\Direct3D11_View_TransparentShader.cpp">
      <Filter>Source Files</Filter>
    </ClCompile>
    <ClCompile Include="src\Debug_Init_Controller.cc">
      <Filter>Source Files\Controllers</Filter>
    </ClCompile>
    <ClCompile Include="src\Background_Controller.cc">
      <Filter>Source Files\Controllers</Filter>
    </ClCompile>
    <ClCompile Include="src\Tile_Bitmap.cc">
      <Filter>Source Files\Components</Filter>
    </ClCompile>
    <ClCompile Include="src\Game_Settings_Component.cc">
      <Filter>Source Files\Components</Filter>
    </ClCompile>
    <ClCompile Include="src\Background_Controller_Mutator.cc">
      <Filter>Source Files\Controllers</Filter>
    </ClCompile>
  </ItemGroup>
  <ItemGroup>
    <ClInclude Include="include\Engine.h">
      <Filter>Include Files</Filter>
    </ClInclude>
    <ClInclude Include="include\Message_Wrapper.h">
      <Filter>Include Files</Filter>
    </ClInclude>
    <ClInclude Include="include\Controller.h">
      <Filter>Include Files</Filter>
    </ClInclude>
    <ClInclude Include="include\Controller_Composite.h">
      <Filter>Include Files</Filter>
    </ClInclude>
    <ClInclude Include="include\View.h">
      <Filter>Include Files</Filter>
    </ClInclude>
    <ClInclude Include="include\Tunnelour_Launcher.h">
      <Filter>Include Files</Filter>
    </ClInclude>
    <ClInclude Include="include\Exceptions.h">
      <Filter>Include Files</Filter>
    </ClInclude>
    <ClInclude Include="include\View_Composite.h">
      <Filter>Include Files</Filter>
    </ClInclude>
    <ClInclude Include="include\Tunnelour_View.h">
      <Filter>Include Files</Filter>
    </ClInclude>
    <ClInclude Include="include\Tunnelour_Controller.h">
      <Filter>Include Files</Filter>
    </ClInclude>
    <ClInclude Include="include\Direct3D11_View_Mutator.h">
      <Filter>Include Files</Filter>
    </ClInclude>
    <ClInclude Include="include\Direct3D11_View_TextureShader.h">
      <Filter>Include Files</Filter>
    </ClInclude>
    <ClInclude Include="include\Frame_Component.h">
      <Filter>Include Files</Filter>
    </ClInclude>
    <ClInclude Include="include\Text_Component.h">
      <Filter>Include Files</Filter>
    </ClInclude>
    <ClInclude Include="include\Direct3D11_View_FontShader.h">
      <Filter>Include Files</Filter>
    </ClInclude>
    <ClInclude Include="include\Debug_Bitmap.h">
      <Filter>Include Files\Components</Filter>
    </ClInclude>
    <ClInclude Include="include\Debug_Text.h">
      <Filter>Include Files\Components</Filter>
    </ClInclude>
    <ClInclude Include="include\SeaFloorSquare.h">
      <Filter>Include Files\Components</Filter>
    </ClInclude>
    <ClInclude Include="include\Init_Controller.h">
      <Filter>Include Files\Controllers</Filter>
    </ClInclude>
    <ClInclude Include="include\Direct3D11_View.h">
      <Filter>Include Files\View</Filter>
    </ClInclude>
    <ClInclude Include="include\Direct3D11_View_TransparentShader.h">
      <Filter>Include Files</Filter>
    </ClInclude>
    <ClInclude Include="include\Debug_Init_Controller.h">
      <Filter>Include Files\Controllers</Filter>
    </ClInclude>
    <ClInclude Include="include\Background_Controller.h">
      <Filter>Include Files\Controllers</Filter>
    </ClInclude>
    <ClInclude Include="include\Tile_Bitmap.h">
      <Filter>Include Files\Components</Filter>
    </ClInclude>
    <ClInclude Include="include\Game_Settings_Component.h">
      <Filter>Include Files\Components</Filter>
    </ClInclude>
    <ClInclude Include="include\Bitmap_Component.h">
      <Filter>Include Files\Components</Filter>
    </ClInclude>
    <ClInclude Include="include\Camera_Component.h">
      <Filter>Include Files\Components</Filter>
    </ClInclude>
    <ClInclude Include="include\Component.h">
      <Filter>Include Files\Components</Filter>
    </ClInclude>
    <ClInclude Include="include\Component_Composite.h">
      <Filter>Include Files\Components</Filter>
    </ClInclude>
    <ClInclude Include="include\Component_ID.h">
      <Filter>Include Files\Components</Filter>
    </ClInclude>
    <ClInclude Include="include\Background_Controller_Mutator.h">
      <Filter>Include Files\Controllers</Filter>
    </ClInclude>
  </ItemGroup>
  <ItemGroup>
    <None Include="resource\Direct3D11_View_FontPixelShader.ps">
      <Filter>Resource Files\PixelShaders</Filter>
    </None>
    <None Include="resource\Direct3D11_View_TexturePixelShader.ps">
      <Filter>Resource Files\PixelShaders</Filter>
    </None>
    <None Include="resource\Direct3D11_View_FontVertexShader.vs">
      <Filter>Resource Files\VertexShaders</Filter>
    </None>
    <None Include="resource\Direct3D11_View_TextureVertexShader.vs">
      <Filter>Resource Files\VertexShaders</Filter>
    </None>
    <None Include="resource\Direct3D11_View_TransparentPixelShader.ps">
      <Filter>Resource Files\PixelShaders</Filter>
    </None>
    <None Include="resource\Direct3D11_View_TransparentVertexShader.vs">
      <Filter>Resource Files\VertexShaders</Filter>
    </None>
    <None Include="resource\tilesets\Dirt_Tileset_4_0.txt">
      <Filter>Resource Files</Filter>
    </None>
  </ItemGroup>
</Project>